lockfileVersion: '9.0'

settings:
  autoInstallPeers: true
  excludeLinksFromLockfile: false

importers:

  .:
    devDependencies:
      prettier:
        specifier: ^3.5.2
        version: 3.5.2
      prettier-plugin-sh:
        specifier: ^0.15.0
        version: 0.15.0(prettier@3.5.2)

packages:

  mvdan-sh@0.10.1:
    resolution: {integrity: sha512-kMbrH0EObaKmK3nVRKUIIya1dpASHIEusM13S4V1ViHFuxuNxCo+arxoa6j/dbV22YBGjl7UKJm9QQKJ2Crzhg==}

  prettier-plugin-sh@0.15.0:
    resolution: {integrity: sha512-U0PikJr/yr2bzzARl43qI0mApBj0C1xdAfA04AZa6LnvIKawXHhuy2fFo6LNA7weRzGlAiNbaEFfKMFo0nZr/A==}
    engines: {node: '>=16.0.0'}
    peerDependencies:
      prettier: ^3.0.3

  prettier@3.5.2:
    resolution: {integrity: sha512-lc6npv5PH7hVqozBR7lkBNOGXV9vMwROAPlumdBkX0wTbbzPu/U1hk5yL8p2pt4Xoc+2mkT8t/sow2YrV/M5qg==}
    engines: {node: '>=14'}
    hasBin: true

  sh-syntax@0.4.2:
    resolution: {integrity: sha512-/l2UZ5fhGZLVZa16XQM9/Vq/hezGGbdHeVEA01uWjOL1+7Ek/gt6FquW0iKKws4a9AYPYvlz6RyVvjh3JxOteg==}
    engines: {node: '>=16.0.0'}

  tslib@2.8.1:
    resolution: {integrity: sha512-oJFu94HQb+KVduSUQL7wnpmqnfmLsOA/nAh6b6EH0wCEoK0/mPeXU6c3wKDV83MkOuHPRHtSXKKU99IBazS/2w==}

snapshots:

  mvdan-sh@0.10.1: {}

  prettier-plugin-sh@0.15.0(prettier@3.5.2):
    dependencies:
      mvdan-sh: 0.10.1
      prettier: 3.5.2
      sh-syntax: 0.4.2

  prettier@3.5.2: {}

  sh-syntax@0.4.2:
    dependencies:
      tslib: 2.8.1

  tslib@2.8.1: {}
